
Microsoft Visual Studio Solution File, Format Version 12.00
# Visual Studio 2012
VisualStudioVersion = 14.0.22823.1
MinimumVisualStudioVersion = 10.0.40219.1
Project("{FAE04EC0-301F-11D3-BF4B-00C04F79EFBC}") = "MedLib.UploadFile", "MedLib.UploadFile\MedLib.UploadFile.csproj", "{F4CAE321-CE5D-4DDC-8F04-E0E2F9A0F971}"
EndProject
Project("{FAE04EC0-301F-11D3-BF4B-00C04F79EFBC}") = "Nancy", "..\Nancy\src\Nancy\Nancy.csproj", "{34576216-0DCA-4B0F-A0DC-9075E75A676F}"
EndProject
Project("{FAE04EC0-301F-11D3-BF4B-00C04F79EFBC}") = "Nancy.Hosting.Self", "..\Nancy\src\Nancy.Hosting.Self\Nancy.Hosting.Self.csproj", "{AA7F66EB-EC2C-47DE-855F-30B3E6EF2134}"
EndProject
Project("{FAE04EC0-301F-11D3-BF4B-00C04F79EFBC}") = "MedLib.Utils", "..\MedLib\MedLib.Utils\MedLib.Utils.csproj", "{FA0A450B-5C81-42F4-AD23-3AC204CAB9D8}"
EndProject
Global
	GlobalSection(SolutionConfigurationPlatforms) = preSolution
		Debug|Any CPU = Debug|Any CPU
		Debug|x86 = Debug|x86
		MonoDebug|Any CPU = MonoDebug|Any CPU
		MonoDebug|x86 = MonoDebug|x86
		MonoRelease|Any CPU = MonoRelease|Any CPU
		MonoRelease|x86 = MonoRelease|x86
		Release|Any CPU = Release|Any CPU
		Release|x86 = Release|x86
	EndGlobalSection
	GlobalSection(ProjectConfigurationPlatforms) = postSolution
		{34576216-0DCA-4B0F-A0DC-9075E75A676F}.Debug|Any CPU.ActiveCfg = Debug|Any CPU
		{34576216-0DCA-4B0F-A0DC-9075E75A676F}.Debug|Any CPU.Build.0 = Debug|Any CPU
		{34576216-0DCA-4B0F-A0DC-9075E75A676F}.Debug|x86.ActiveCfg = Debug|Any CPU
		{34576216-0DCA-4B0F-A0DC-9075E75A676F}.Debug|x86.Build.0 = Debug|Any CPU
		{34576216-0DCA-4B0F-A0DC-9075E75A676F}.MonoDebug|Any CPU.ActiveCfg = MonoDebug|Any CPU
		{34576216-0DCA-4B0F-A0DC-9075E75A676F}.MonoDebug|Any CPU.Build.0 = MonoDebug|Any CPU
		{34576216-0DCA-4B0F-A0DC-9075E75A676F}.MonoDebug|x86.ActiveCfg = MonoDebug|Any CPU
		{34576216-0DCA-4B0F-A0DC-9075E75A676F}.MonoDebug|x86.Build.0 = MonoDebug|Any CPU
		{34576216-0DCA-4B0F-A0DC-9075E75A676F}.MonoRelease|Any CPU.ActiveCfg = MonoRelease|Any CPU
		{34576216-0DCA-4B0F-A0DC-9075E75A676F}.MonoRelease|Any CPU.Build.0 = MonoRelease|Any CPU
		{34576216-0DCA-4B0F-A0DC-9075E75A676F}.MonoRelease|x86.ActiveCfg = MonoRelease|Any CPU
		{34576216-0DCA-4B0F-A0DC-9075E75A676F}.MonoRelease|x86.Build.0 = MonoRelease|Any CPU
		{34576216-0DCA-4B0F-A0DC-9075E75A676F}.Release|Any CPU.ActiveCfg = Release|Any CPU
		{34576216-0DCA-4B0F-A0DC-9075E75A676F}.Release|Any CPU.Build.0 = Release|Any CPU
		{34576216-0DCA-4B0F-A0DC-9075E75A676F}.Release|x86.ActiveCfg = Release|Any CPU
		{34576216-0DCA-4B0F-A0DC-9075E75A676F}.Release|x86.Build.0 = Release|Any CPU
		{AA7F66EB-EC2C-47DE-855F-30B3E6EF2134}.Debug|Any CPU.ActiveCfg = Debug|Any CPU
		{AA7F66EB-EC2C-47DE-855F-30B3E6EF2134}.Debug|Any CPU.Build.0 = Debug|Any CPU
		{AA7F66EB-EC2C-47DE-855F-30B3E6EF2134}.Debug|x86.ActiveCfg = Debug|Any CPU
		{AA7F66EB-EC2C-47DE-855F-30B3E6EF2134}.Debug|x86.Build.0 = Debug|Any CPU
		{AA7F66EB-EC2C-47DE-855F-30B3E6EF2134}.MonoDebug|Any CPU.ActiveCfg = MonoDebug|Any CPU
		{AA7F66EB-EC2C-47DE-855F-30B3E6EF2134}.MonoDebug|Any CPU.Build.0 = MonoDebug|Any CPU
		{AA7F66EB-EC2C-47DE-855F-30B3E6EF2134}.MonoDebug|x86.ActiveCfg = MonoDebug|Any CPU
		{AA7F66EB-EC2C-47DE-855F-30B3E6EF2134}.MonoDebug|x86.Build.0 = MonoDebug|Any CPU
		{AA7F66EB-EC2C-47DE-855F-30B3E6EF2134}.MonoRelease|Any CPU.ActiveCfg = MonoRelease|Any CPU
		{AA7F66EB-EC2C-47DE-855F-30B3E6EF2134}.MonoRelease|Any CPU.Build.0 = MonoRelease|Any CPU
		{AA7F66EB-EC2C-47DE-855F-30B3E6EF2134}.MonoRelease|x86.ActiveCfg = MonoRelease|Any CPU
		{AA7F66EB-EC2C-47DE-855F-30B3E6EF2134}.MonoRelease|x86.Build.0 = MonoRelease|Any CPU
		{AA7F66EB-EC2C-47DE-855F-30B3E6EF2134}.Release|Any CPU.ActiveCfg = Release|Any CPU
		{AA7F66EB-EC2C-47DE-855F-30B3E6EF2134}.Release|Any CPU.Build.0 = Release|Any CPU
		{AA7F66EB-EC2C-47DE-855F-30B3E6EF2134}.Release|x86.ActiveCfg = Release|Any CPU
		{AA7F66EB-EC2C-47DE-855F-30B3E6EF2134}.Release|x86.Build.0 = Release|Any CPU
		{F4CAE321-CE5D-4DDC-8F04-E0E2F9A0F971}.Debug|Any CPU.ActiveCfg = Debug|x86
		{F4CAE321-CE5D-4DDC-8F04-E0E2F9A0F971}.Debug|x86.ActiveCfg = Debug|x86
		{F4CAE321-CE5D-4DDC-8F04-E0E2F9A0F971}.Debug|x86.Build.0 = Debug|x86
		{F4CAE321-CE5D-4DDC-8F04-E0E2F9A0F971}.MonoDebug|Any CPU.ActiveCfg = Debug|x86
		{F4CAE321-CE5D-4DDC-8F04-E0E2F9A0F971}.MonoDebug|Any CPU.Build.0 = Debug|x86
		{F4CAE321-CE5D-4DDC-8F04-E0E2F9A0F971}.MonoDebug|x86.ActiveCfg = Debug|x86
		{F4CAE321-CE5D-4DDC-8F04-E0E2F9A0F971}.MonoDebug|x86.Build.0 = Debug|x86
		{F4CAE321-CE5D-4DDC-8F04-E0E2F9A0F971}.MonoRelease|Any CPU.ActiveCfg = Debug|x86
		{F4CAE321-CE5D-4DDC-8F04-E0E2F9A0F971}.MonoRelease|Any CPU.Build.0 = Debug|x86
		{F4CAE321-CE5D-4DDC-8F04-E0E2F9A0F971}.MonoRelease|x86.ActiveCfg = Release|x86
		{F4CAE321-CE5D-4DDC-8F04-E0E2F9A0F971}.MonoRelease|x86.Build.0 = Release|x86
		{F4CAE321-CE5D-4DDC-8F04-E0E2F9A0F971}.Release|Any CPU.ActiveCfg = Release|x86
		{F4CAE321-CE5D-4DDC-8F04-E0E2F9A0F971}.Release|x86.ActiveCfg = Release|x86
		{F4CAE321-CE5D-4DDC-8F04-E0E2F9A0F971}.Release|x86.Build.0 = Release|x86
		{FA0A450B-5C81-42F4-AD23-3AC204CAB9D8}.Debug|Any CPU.ActiveCfg = Debug|Any CPU
		{FA0A450B-5C81-42F4-AD23-3AC204CAB9D8}.Debug|Any CPU.Build.0 = Debug|Any CPU
		{FA0A450B-5C81-42F4-AD23-3AC204CAB9D8}.Debug|x86.ActiveCfg = Debug|Any CPU
		{FA0A450B-5C81-42F4-AD23-3AC204CAB9D8}.Debug|x86.Build.0 = Debug|Any CPU
		{FA0A450B-5C81-42F4-AD23-3AC204CAB9D8}.MonoDebug|Any CPU.ActiveCfg = Debug|Any CPU
		{FA0A450B-5C81-42F4-AD23-3AC204CAB9D8}.MonoDebug|Any CPU.Build.0 = Debug|Any CPU
		{FA0A450B-5C81-42F4-AD23-3AC204CAB9D8}.MonoDebug|x86.ActiveCfg = Debug|Any CPU
		{FA0A450B-5C81-42F4-AD23-3AC204CAB9D8}.MonoDebug|x86.Build.0 = Debug|Any CPU
		{FA0A450B-5C81-42F4-AD23-3AC204CAB9D8}.MonoRelease|Any CPU.ActiveCfg = Debug|Any CPU
		{FA0A450B-5C81-42F4-AD23-3AC204CAB9D8}.MonoRelease|Any CPU.Build.0 = Debug|Any CPU
		{FA0A450B-5C81-42F4-AD23-3AC204CAB9D8}.MonoRelease|x86.ActiveCfg = Release|Any CPU
		{FA0A450B-5C81-42F4-AD23-3AC204CAB9D8}.MonoRelease|x86.Build.0 = Release|Any CPU
		{FA0A450B-5C81-42F4-AD23-3AC204CAB9D8}.Release|Any CPU.ActiveCfg = Release|Any CPU
		{FA0A450B-5C81-42F4-AD23-3AC204CAB9D8}.Release|Any CPU.Build.0 = Release|Any CPU
		{FA0A450B-5C81-42F4-AD23-3AC204CAB9D8}.Release|x86.ActiveCfg = Release|Any CPU
		{FA0A450B-5C81-42F4-AD23-3AC204CAB9D8}.Release|x86.Build.0 = Release|Any CPU
	EndGlobalSection
	GlobalSection(SolutionProperties) = preSolution
		HideSolutionNode = FALSE
	EndGlobalSection
EndGlobal
